# THIS IS AN AUTOGENERATED FILE. DO NOT EDIT THIS FILE DIRECTLY.
# yarn lockfile v1


turbo-darwin-64@2.8.3:
  version "2.8.3"
  resolved "https://registry.yarnpkg.com/turbo-darwin-64/-/turbo-darwin-64-2.8.3.tgz#dbcd2154b26e3a26ef78a4dd2f00e0175171ff07"
  integrity sha512-4kXRLfcygLOeNcP6JquqRLmGB/ATjjfehiojL2dJkL7GFm3SPSXbq7oNj8UbD8XriYQ5hPaSuz59iF1ijPHkTw==

turbo-darwin-arm64@2.8.3:
  version "2.8.3"
  resolved "https://registry.yarnpkg.com/turbo-darwin-arm64/-/turbo-darwin-arm64-2.8.3.tgz#a3d5bb25d41e8efd794c5d012a0a583ee2eb061f"
  integrity sha512-xF7uCeC0UY0Hrv/tqax0BMbFlVP1J/aRyeGQPZT4NjvIPj8gSPDgFhfkfz06DhUwDg5NgMo04uiSkAWE8WB/QQ==

turbo-linux-64@2.8.3:
  version "2.8.3"
  resolved "https://registry.yarnpkg.com/turbo-linux-64/-/turbo-linux-64-2.8.3.tgz#0b2d6e447370764038ecdfd63128e50e9f8940e9"
  integrity sha512-vxMDXwaOjweW/4etY7BxrXCSkvtwh0PbwVafyfT1Ww659SedUxd5rM3V2ZCmbwG8NiCfY7d6VtxyHx3Wh1GoZA==

turbo-linux-arm64@2.8.3:
  version "2.8.3"
  resolved "https://registry.yarnpkg.com/turbo-linux-arm64/-/turbo-linux-arm64-2.8.3.tgz#7bdfe2544437d35699f216f4cfc0c5466fceaacd"
  integrity sha512-mQX7uYBZFkuPLLlKaNe9IjR1JIef4YvY8f21xFocvttXvdPebnq3PK1Zjzl9A1zun2BEuWNUwQIL8lgvN9Pm3Q==

turbo-windows-64@2.8.3:
  version "2.8.3"
  resolved "https://registry.yarnpkg.com/turbo-windows-64/-/turbo-windows-64-2.8.3.tgz#5ee3791d95c0155479e121196101a67eb41c59a4"
  integrity sha512-YLGEfppGxZj3VWcNOVa08h6ISsVKiG85aCAWosOKNUjb6yErWEuydv6/qImRJUI+tDLvDvW7BxopAkujRnWCrw==

turbo-windows-arm64@2.8.3:
  version "2.8.3"
  resolved "https://registry.yarnpkg.com/turbo-windows-arm64/-/turbo-windows-arm64-2.8.3.tgz#d1efa5dcb652694abb389f657fe01ac25ec3c343"
  integrity sha512-afTUGKBRmOJU1smQSBnFGcbq0iabAPwh1uXu2BVk7BREg30/1gMnJh9DFEQTah+UD3n3ru8V55J83RQNFfqoyw==

turbo@^2.8.3:
  version "2.8.3"
  resolved "https://registry.yarnpkg.com/turbo/-/turbo-2.8.3.tgz#40b6470ba26e42b11da55cc3ecc066172e4673fc"
  integrity sha512-8Osxz5Tu/Dw2kb31EAY+nhq/YZ3wzmQSmYa1nIArqxgCAldxv9TPlrAiaBUDVnKA4aiPn0OFBD1ACcpc5VFOAQ==
  optionalDependencies:
    turbo-darwin-64 "2.8.3"
    turbo-darwin-arm64 "2.8.3"
    turbo-linux-64 "2.8.3"
    turbo-linux-arm64 "2.8.3"
    turbo-windows-64 "2.8.3"
    turbo-windows-arm64 "2.8.3"
